
Microsoft Visual Studio Solution File, Format Version 12.00
# Visual Studio Version 17
VisualStudioVersion = 17.5.33530.505
MinimumVisualStudioVersion = 10.0.40219.1
Project("{E24C65DC-7377-472B-9ABA-BC803B73C61A}") = "DB_Project", ".", "{3E79ECC1-7E15-4904-A858-4EC7423AEEEB}"
	ProjectSection(WebsiteProperties) = preProject
		TargetFrameworkMoniker = ".NETFramework,Version%3Dv4.7.2"
		Debug.AspNetCompiler.VirtualPath = "/localhost_49759"
		Debug.AspNetCompiler.PhysicalPath = "..\DB_Project\"
		Debug.AspNetCompiler.TargetPath = "PrecompiledWeb\localhost_49759\"
		Debug.AspNetCompiler.Updateable = "true"
		Debug.AspNetCompiler.ForceOverwrite = "true"
		Debug.AspNetCompiler.FixedNames = "false"
		Debug.AspNetCompiler.Debug = "True"
		Release.AspNetCompiler.VirtualPath = "/localhost_49759"
		Release.AspNetCompiler.PhysicalPath = "..\DB_Project\"
		Release.AspNetCompiler.TargetPath = "PrecompiledWeb\localhost_49759\"
		Release.AspNetCompiler.Updateable = "true"
		Release.AspNetCompiler.ForceOverwrite = "true"
		Release.AspNetCompiler.FixedNames = "false"
		Release.AspNetCompiler.Debug = "False"
		VWDPort = "49759"
		SlnRelativePath = "..\DB_Project\"
		DefaultWebSiteLanguage = "Visual C#"
	EndProjectSection
EndProject
Global
	GlobalSection(SolutionConfigurationPlatforms) = preSolution
		Debug|Any CPU = Debug|Any CPU
	EndGlobalSection
	GlobalSection(ProjectConfigurationPlatforms) = postSolution
		{3E79ECC1-7E15-4904-A858-4EC7423AEEEB}.Debug|Any CPU.ActiveCfg = Debug|Any CPU
		{3E79ECC1-7E15-4904-A858-4EC7423AEEEB}.Debug|Any CPU.Build.0 = Debug|Any CPU
	EndGlobalSection
	GlobalSection(SolutionProperties) = preSolution
		HideSolutionNode = FALSE
	EndGlobalSection
	GlobalSection(ExtensibilityGlobals) = postSolution
		SolutionGuid = {642A1E67-B0F4-4C2E-A010-594A7AC1D0DC}
	EndGlobalSection
EndGlobal
